
Microsoft Visual Studio Solution File, Format Version 12.00
# Visual Studio Version 17
VisualStudioVersion = 17.5.002.0
MinimumVisualStudioVersion = 10.0.40219.1
Project("{2150E333-8FDC-42A3-9474-1A3956D46DE8}") = "csharp-prep", "csharp-prep", "{39682EE1-C928-40DF-93A9-403D571515E1}"
EndProject
Project("{9A19103F-16F7-4668-BE54-9A1E7A4F7556}") = "Prep1", "csharp-prep\Prep1\Prep1.csproj", "{632136A9-97DE-41BE-88C1-649D1C5B9566}"
EndProject
Project("{9A19103F-16F7-4668-BE54-9A1E7A4F7556}") = "Prep2", "csharp-prep\Prep2\Prep2.csproj", "{8D7A1C3F-0CAE-43F2-A2A5-4216F12D10D0}"
EndProject
Project("{9A19103F-16F7-4668-BE54-9A1E7A4F7556}") = "Prep3", "csharp-prep\Prep3\Prep3.csproj", "{BFB0FE81-5038-4DB7-BA5A-8FC06282323D}"
EndProject
Project("{9A19103F-16F7-4668-BE54-9A1E7A4F7556}") = "Prep4", "csharp-prep\Prep4\Prep4.csproj", "{5C694E75-9D96-49BA-ABE8-F01ADFA202C7}"
EndProject
Project("{9A19103F-16F7-4668-BE54-9A1E7A4F7556}") = "Prep5", "csharp-prep\Prep5\Prep5.csproj", "{672AE5AE-6E88-40C7-955F-AB3CB627B4F2}"
EndProject
Project("{2150E333-8FDC-42A3-9474-1A3956D46DE8}") = "final", "final", "{B3DAE1CF-B6EB-466E-B8C2-CD3674C14301}"
EndProject
Project("{9A19103F-16F7-4668-BE54-9A1E7A4F7556}") = "FinalProject", "final\FinalProject\FinalProject.csproj", "{6368BD71-2C04-43D5-B76B-576C6000EA3C}"
EndProject
Project("{9A19103F-16F7-4668-BE54-9A1E7A4F7556}") = "Foundation1", "final\Foundation1\Foundation1.csproj", "{364924EA-CD8B-4A66-90F4-3ECEA07BC0DA}"
EndProject
Project("{9A19103F-16F7-4668-BE54-9A1E7A4F7556}") = "Foundation2", "final\Foundation2\Foundation2.csproj", "{2FB8C590-DA5D-443E-B6E5-413B8FF79746}"
EndProject
Project("{9A19103F-16F7-4668-BE54-9A1E7A4F7556}") = "Foundation3", "final\Foundation3\Foundation3.csproj", "{C68CB797-8B38-4CE2-8102-33B7777111CC}"
EndProject
Project("{9A19103F-16F7-4668-BE54-9A1E7A4F7556}") = "Foundation4", "final\Foundation4\Foundation4.csproj", "{989C35C0-4F47-4360-8EEC-AF8A0EF15205}"
EndProject
Project("{2150E333-8FDC-42A3-9474-1A3956D46DE8}") = "prepare", "prepare", "{39C5E342-F728-41B6-B00B-787A5274C6D8}"
EndProject
Project("{9A19103F-16F7-4668-BE54-9A1E7A4F7556}") = "Learning02", "prepare\Learning02\Learning02.csproj", "{DDFD3B54-00D8-490F-BF1E-75985262F7AC}"
EndProject
Project("{9A19103F-16F7-4668-BE54-9A1E7A4F7556}") = "Learning03", "prepare\Learning03\Learning03.csproj", "{D0DC704B-7A0A-47FB-A12E-6057BFAA1610}"
EndProject
Project("{9A19103F-16F7-4668-BE54-9A1E7A4F7556}") = "Learning04", "prepare\Learning04\Learning04.csproj", "{0FF7862A-82B5-4226-A72B-6FE8EC20F54E}"
EndProject
Project("{9A19103F-16F7-4668-BE54-9A1E7A4F7556}") = "Learning05", "prepare\Learning05\Learning05.csproj", "{536D7953-060E-48B9-83A7-8EDD73823AAA}"
EndProject
Project("{2150E333-8FDC-42A3-9474-1A3956D46DE8}") = "prove", "prove", "{F77550CF-0F0F-4BF2-BD33-BB75A1292B67}"
EndProject
Project("{9A19103F-16F7-4668-BE54-9A1E7A4F7556}") = "Develop02", "prove\Develop02\Develop02.csproj", "{790DF6D3-4BE0-4CC6-A2EF-66339EFA7168}"
EndProject
Project("{9A19103F-16F7-4668-BE54-9A1E7A4F7556}") = "Develop03", "prove\Develop03\Develop03.csproj", "{55F26DBD-D323-474B-A459-E5C8DEF7F4AE}"
EndProject
Project("{9A19103F-16F7-4668-BE54-9A1E7A4F7556}") = "Develop04", "prove\Develop04\Develop04.csproj", "{8F67DA06-050E-4D74-B55A-FAC6685B887A}"
EndProject
Project("{9A19103F-16F7-4668-BE54-9A1E7A4F7556}") = "Develop05", "prove\Develop05\Develop05.csproj", "{69FEB435-5436-49DC-B1BA-1B6C78AF7F56}"
EndProject
Project("{2150E333-8FDC-42A3-9474-1A3956D46DE8}") = "sandbox", "sandbox", "{10395EAB-3566-428C-8510-4DF7DBB92B51}"
EndProject
Project("{9A19103F-16F7-4668-BE54-9A1E7A4F7556}") = "Sandbox", "sandbox\Sandbox\Sandbox.csproj", "{8079E8A0-9385-4DDC-AF30-8321595C9EB8}"
EndProject
Global
	GlobalSection(SolutionConfigurationPlatforms) = preSolution
		Debug|Any CPU = Debug|Any CPU
		Release|Any CPU = Release|Any CPU
	EndGlobalSection
	GlobalSection(ProjectConfigurationPlatforms) = postSolution
		{632136A9-97DE-41BE-88C1-649D1C5B9566}.Debug|Any CPU.ActiveCfg = Debug|Any CPU
		{632136A9-97DE-41BE-88C1-649D1C5B9566}.Debug|Any CPU.Build.0 = Debug|Any CPU
		{632136A9-97DE-41BE-88C1-649D1C5B9566}.Release|Any CPU.ActiveCfg = Release|Any CPU
		{632136A9-97DE-41BE-88C1-649D1C5B9566}.Release|Any CPU.Build.0 = Release|Any CPU
		{8D7A1C3F-0CAE-43F2-A2A5-4216F12D10D0}.Debug|Any CPU.ActiveCfg = Debug|Any CPU
		{8D7A1C3F-0CAE-43F2-A2A5-4216F12D10D0}.Debug|Any CPU.Build.0 = Debug|Any CPU
		{8D7A1C3F-0CAE-43F2-A2A5-4216F12D10D0}.Release|Any CPU.ActiveCfg = Release|Any CPU
		{8D7A1C3F-0CAE-43F2-A2A5-4216F12D10D0}.Release|Any CPU.Build.0 = Release|Any CPU
		{BFB0FE81-5038-4DB7-BA5A-8FC06282323D}.Debug|Any CPU.ActiveCfg = Debug|Any CPU
		{BFB0FE81-5038-4DB7-BA5A-8FC06282323D}.Debug|Any CPU.Build.0 = Debug|Any CPU
		{BFB0FE81-5038-4DB7-BA5A-8FC06282323D}.Release|Any CPU.ActiveCfg = Release|Any CPU
		{BFB0FE81-5038-4DB7-BA5A-8FC06282323D}.Release|Any CPU.Build.0 = Release|Any CPU
		{5C694E75-9D96-49BA-ABE8-F01ADFA202C7}.Debug|Any CPU.ActiveCfg = Debug|Any CPU
		{5C694E75-9D96-49BA-ABE8-F01ADFA202C7}.Debug|Any CPU.Build.0 = Debug|Any CPU
		{5C694E75-9D96-49BA-ABE8-F01ADFA202C7}.Release|Any CPU.ActiveCfg = Release|Any CPU
		{5C694E75-9D96-49BA-ABE8-F01ADFA202C7}.Release|Any CPU.Build.0 = Release|Any CPU
		{672AE5AE-6E88-40C7-955F-AB3CB627B4F2}.Debug|Any CPU.ActiveCfg = Debug|Any CPU
		{672AE5AE-6E88-40C7-955F-AB3CB627B4F2}.Debug|Any CPU.Build.0 = Debug|Any CPU
		{672AE5AE-6E88-40C7-955F-AB3CB627B4F2}.Release|Any CPU.ActiveCfg = Release|Any CPU
		{672AE5AE-6E88-40C7-955F-AB3CB627B4F2}.Release|Any CPU.Build.0 = Release|Any CPU
		{6368BD71-2C04-43D5-B76B-576C6000EA3C}.Debug|Any CPU.ActiveCfg = Debug|Any CPU
		{6368BD71-2C04-43D5-B76B-576C6000EA3C}.Debug|Any CPU.Build.0 = Debug|Any CPU
		{6368BD71-2C04-43D5-B76B-576C6000EA3C}.Release|Any CPU.ActiveCfg = Release|Any CPU
		{6368BD71-2C04-43D5-B76B-576C6000EA3C}.Release|Any CPU.Build.0 = Release|Any CPU
		{364924EA-CD8B-4A66-90F4-3ECEA07BC0DA}.Debug|Any CPU.ActiveCfg = Debug|Any CPU
		{364924EA-CD8B-4A66-90F4-3ECEA07BC0DA}.Debug|Any CPU.Build.0 = Debug|Any CPU
		{364924EA-CD8B-4A66-90F4-3ECEA07BC0DA}.Release|Any CPU.ActiveCfg = Release|Any CPU
		{364924EA-CD8B-4A66-90F4-3ECEA07BC0DA}.Release|Any CPU.Build.0 = Release|Any CPU
		{2FB8C590-DA5D-443E-B6E5-413B8FF79746}.Debug|Any CPU.ActiveCfg = Debug|Any CPU
		{2FB8C590-DA5D-443E-B6E5-413B8FF79746}.Debug|Any CPU.Build.0 = Debug|Any CPU
		{2FB8C590-DA5D-443E-B6E5-413B8FF79746}.Release|Any CPU.ActiveCfg = Release|Any CPU
		{2FB8C590-DA5D-443E-B6E5-413B8FF79746}.Release|Any CPU.Build.0 = Release|Any CPU
		{C68CB797-8B38-4CE2-8102-33B7777111CC}.Debug|Any CPU.ActiveCfg = Debug|Any CPU
		{C68CB797-8B38-4CE2-8102-33B7777111CC}.Debug|Any CPU.Build.0 = Debug|Any CPU
		{C68CB797-8B38-4CE2-8102-33B7777111CC}.Release|Any CPU.ActiveCfg = Release|Any CPU
		{C68CB797-8B38-4CE2-8102-33B7777111CC}.Release|Any CPU.Build.0 = Release|Any CPU
		{989C35C0-4F47-4360-8EEC-AF8A0EF15205}.Debug|Any CPU.ActiveCfg = Debug|Any CPU
		{989C35C0-4F47-4360-8EEC-AF8A0EF15205}.Debug|Any CPU.Build.0 = Debug|Any CPU
		{989C35C0-4F47-4360-8EEC-AF8A0EF15205}.Release|Any CPU.ActiveCfg = Release|Any CPU
		{989C35C0-4F47-4360-8EEC-AF8A0EF15205}.Release|Any CPU.Build.0 = Release|Any CPU
		{DDFD3B54-00D8-490F-BF1E-75985262F7AC}.Debug|Any CPU.ActiveCfg = Debug|Any CPU
		{DDFD3B54-00D8-490F-BF1E-75985262F7AC}.Debug|Any CPU.Build.0 = Debug|Any CPU
		{DDFD3B54-00D8-490F-BF1E-75985262F7AC}.Release|Any CPU.ActiveCfg = Release|Any CPU
		{DDFD3B54-00D8-490F-BF1E-75985262F7AC}.Release|Any CPU.Build.0 = Release|Any CPU
		{D0DC704B-7A0A-47FB-A12E-6057BFAA1610}.Debug|Any CPU.ActiveCfg = Debug|Any CPU
		{D0DC704B-7A0A-47FB-A12E-6057BFAA1610}.Debug|Any CPU.Build.0 = Debug|Any CPU
		{D0DC704B-7A0A-47FB-A12E-6057BFAA1610}.Release|Any CPU.ActiveCfg = Release|Any CPU
		{D0DC704B-7A0A-47FB-A12E-6057BFAA1610}.Release|Any CPU.Build.0 = Release|Any CPU
		{0FF7862A-82B5-4226-A72B-6FE8EC20F54E}.Debug|Any CPU.ActiveCfg = Debug|Any CPU
		{0FF7862A-82B5-4226-A72B-6FE8EC20F54E}.Debug|Any CPU.Build.0 = Debug|Any CPU
		{0FF7862A-82B5-4226-A72B-6FE8EC20F54E}.Release|Any CPU.ActiveCfg = Release|Any CPU
		{0FF7862A-82B5-4226-A72B-6FE8EC20F54E}.Release|Any CPU.Build.0 = Release|Any CPU
		{536D7953-060E-48B9-83A7-8EDD73823AAA}.Debug|Any CPU.ActiveCfg = Debug|Any CPU
		{536D7953-060E-48B9-83A7-8EDD73823AAA}.Debug|Any CPU.Build.0 = Debug|Any CPU
		{536D7953-060E-48B9-83A7-8EDD73823AAA}.Release|Any CPU.ActiveCfg = Release|Any CPU
		{536D7953-060E-48B9-83A7-8EDD73823AAA}.Release|Any CPU.Build.0 = Release|Any CPU
		{790DF6D3-4BE0-4CC6-A2EF-66339EFA7168}.Debug|Any CPU.ActiveCfg = Debug|Any CPU
		{790DF6D3-4BE0-4CC6-A2EF-66339EFA7168}.Debug|Any CPU.Build.0 = Debug|Any CPU
		{790DF6D3-4BE0-4CC6-A2EF-66339EFA7168}.Release|Any CPU.ActiveCfg = Release|Any CPU
		{790DF6D3-4BE0-4CC6-A2EF-66339EFA7168}.Release|Any CPU.Build.0 = Release|Any CPU
		{55F26DBD-D323-474B-A459-E5C8DEF7F4AE}.Debug|Any CPU.ActiveCfg = Debug|Any CPU
		{55F26DBD-D323-474B-A459-E5C8DEF7F4AE}.Debug|Any CPU.Build.0 = Debug|Any CPU
		{55F26DBD-D323-474B-A459-E5C8DEF7F4AE}.Release|Any CPU.ActiveCfg = Release|Any CPU
		{55F26DBD-D323-474B-A459-E5C8DEF7F4AE}.Release|Any CPU.Build.0 = Release|Any CPU
		{8F67DA06-050E-4D74-B55A-FAC6685B887A}.Debug|Any CPU.ActiveCfg = Debug|Any CPU
		{8F67DA06-050E-4D74-B55A-FAC6685B887A}.Debug|Any CPU.Build.0 = Debug|Any CPU
		{8F67DA06-050E-4D74-B55A-FAC6685B887A}.Release|Any CPU.ActiveCfg = Release|Any CPU
		{8F67DA06-050E-4D74-B55A-FAC6685B887A}.Release|Any CPU.Build.0 = Release|Any CPU
		{69FEB435-5436-49DC-B1BA-1B6C78AF7F56}.Debug|Any CPU.ActiveCfg = Debug|Any CPU
		{69FEB435-5436-49DC-B1BA-1B6C78AF7F56}.Debug|Any CPU.Build.0 = Debug|Any CPU
		{69FEB435-5436-49DC-B1BA-1B6C78AF7F56}.Release|Any CPU.ActiveCfg = Release|Any CPU
		{69FEB435-5436-49DC-B1BA-1B6C78AF7F56}.Release|Any CPU.Build.0 = Release|Any CPU
		{8079E8A0-9385-4DDC-AF30-8321595C9EB8}.Debug|Any CPU.ActiveCfg = Debug|Any CPU
		{8079E8A0-9385-4DDC-AF30-8321595C9EB8}.Debug|Any CPU.Build.0 = Debug|Any CPU
		{8079E8A0-9385-4DDC-AF30-8321595C9EB8}.Release|Any CPU.ActiveCfg = Release|Any CPU
		{8079E8A0-9385-4DDC-AF30-8321595C9EB8}.Release|Any CPU.Build.0 = Release|Any CPU
	EndGlobalSection
	GlobalSection(SolutionProperties) = preSolution
		HideSolutionNode = FALSE
	EndGlobalSection
	GlobalSection(NestedProjects) = preSolution
		{632136A9-97DE-41BE-88C1-649D1C5B9566} = {39682EE1-C928-40DF-93A9-403D571515E1}
		{8D7A1C3F-0CAE-43F2-A2A5-4216F12D10D0} = {39682EE1-C928-40DF-93A9-403D571515E1}
		{BFB0FE81-5038-4DB7-BA5A-8FC06282323D} = {39682EE1-C928-40DF-93A9-403D571515E1}
		{5C694E75-9D96-49BA-ABE8-F01ADFA202C7} = {39682EE1-C928-40DF-93A9-403D571515E1}
		{672AE5AE-6E88-40C7-955F-AB3CB627B4F2} = {39682EE1-C928-40DF-93A9-403D571515E1}
		{6368BD71-2C04-43D5-B76B-576C6000EA3C} = {B3DAE1CF-B6EB-466E-B8C2-CD3674C14301}
		{364924EA-CD8B-4A66-90F4-3ECEA07BC0DA} = {B3DAE1CF-B6EB-466E-B8C2-CD3674C14301}
		{2FB8C590-DA5D-443E-B6E5-413B8FF79746} = {B3DAE1CF-B6EB-466E-B8C2-CD3674C14301}
		{C68CB797-8B38-4CE2-8102-33B7777111CC} = {B3DAE1CF-B6EB-466E-B8C2-CD3674C14301}
		{989C35C0-4F47-4360-8EEC-AF8A0EF15205} = {B3DAE1CF-B6EB-466E-B8C2-CD3674C14301}
		{DDFD3B54-00D8-490F-BF1E-75985262F7AC} = {39C5E342-F728-41B6-B00B-787A5274C6D8}
		{D0DC704B-7A0A-47FB-A12E-6057BFAA1610} = {39C5E342-F728-41B6-B00B-787A5274C6D8}
		{0FF7862A-82B5-4226-A72B-6FE8EC20F54E} = {39C5E342-F728-41B6-B00B-787A5274C6D8}
		{536D7953-060E-48B9-83A7-8EDD73823AAA} = {39C5E342-F728-41B6-B00B-787A5274C6D8}
		{790DF6D3-4BE0-4CC6-A2EF-66339EFA7168} = {F77550CF-0F0F-4BF2-BD33-BB75A1292B67}
		{55F26DBD-D323-474B-A459-E5C8DEF7F4AE} = {F77550CF-0F0F-4BF2-BD33-BB75A1292B67}
		{8F67DA06-050E-4D74-B55A-FAC6685B887A} = {F77550CF-0F0F-4BF2-BD33-BB75A1292B67}
		{69FEB435-5436-49DC-B1BA-1B6C78AF7F56} = {F77550CF-0F0F-4BF2-BD33-BB75A1292B67}
		{8079E8A0-9385-4DDC-AF30-8321595C9EB8} = {10395EAB-3566-428C-8510-4DF7DBB92B51}
	EndGlobalSection
	GlobalSection(ExtensibilityGlobals) = postSolution
		SolutionGuid = {4AD8C468-0B70-4A5C-91DD-211C37A13FFF}
	EndGlobalSection
EndGlobal
